// !$*UTF8*$!
{
	archiveVersion = 1;
	classes = {
	};
	objectVersion = 51;
	objects = {

/* Begin PBXBuildFile section */
		64BC02F65A34DA8925B36C65 /* libPods-FindYourSurf.a in Frameworks */ = {isa = PBXBuildFile; fileRef = CC40ACD61BC40BF061DD6D68 /* libPods-FindYourSurf.a */; };
		7E298DA025B284BE005B4F57 /* AppDelegate.swift in Sources */ = {isa = PBXBuildFile; fileRef = 7E298D9F25B284BE005B4F57 /* AppDelegate.swift */; };
		7E298DA225B284BE005B4F57 /* SceneDelegate.swift in Sources */ = {isa = PBXBuildFile; fileRef = 7E298DA125B284BE005B4F57 /* SceneDelegate.swift */; };
		7E298DA425B284BE005B4F57 /* WelcomeViewController.swift in Sources */ = {isa = PBXBuildFile; fileRef = 7E298DA325B284BE005B4F57 /* WelcomeViewController.swift */; };
		7E298DA925B284C0005B4F57 /* Assets.xcassets in Resources */ = {isa = PBXBuildFile; fileRef = 7E298DA825B284C0005B4F57 /* Assets.xcassets */; };
		7E298DAC25B284C0005B4F57 /* LaunchScreen.storyboard in Resources */ = {isa = PBXBuildFile; fileRef = 7E298DAA25B284C0005B4F57 /* LaunchScreen.storyboard */; };
		7E298DB725B284C0005B4F57 /* FindYourSurfTests.swift in Sources */ = {isa = PBXBuildFile; fileRef = 7E298DB625B284C0005B4F57 /* FindYourSurfTests.swift */; };
		7E298DC225B284C1005B4F57 /* FindYourSurfUITests.swift in Sources */ = {isa = PBXBuildFile; fileRef = 7E298DC125B284C1005B4F57 /* FindYourSurfUITests.swift */; };
		7E5604BB25B298E3006F919B /* Poppins-Bold.ttf in Resources */ = {isa = PBXBuildFile; fileRef = 7E5604B625B29801006F919B /* Poppins-Bold.ttf */; };
		7E5604BF25B29922006F919B /* Poppins-Regular.ttf in Resources */ = {isa = PBXBuildFile; fileRef = 7E5604B725B29801006F919B /* Poppins-Regular.ttf */; };
		7E5604C325B29924006F919B /* Poppins-Black.ttf in Resources */ = {isa = PBXBuildFile; fileRef = 7E5604B525B29801006F919B /* Poppins-Black.ttf */; };
		7E79FFA125B6056200968208 /* SettingsViewController.swift in Sources */ = {isa = PBXBuildFile; fileRef = 7E79FFA025B6056200968208 /* SettingsViewController.swift */; };
		7E9417D325B37A03001BEA6A /* MeasureViewController.swift in Sources */ = {isa = PBXBuildFile; fileRef = 7E9417D225B37A03001BEA6A /* MeasureViewController.swift */; };
		7E9417D925B387AE001BEA6A /* BoardType.swift in Sources */ = {isa = PBXBuildFile; fileRef = 7E9417D825B387AE001BEA6A /* BoardType.swift */; };
		7E9417DE25B3887C001BEA6A /* Recommendation.swift in Sources */ = {isa = PBXBuildFile; fileRef = 7E9417DD25B3887C001BEA6A /* Recommendation.swift */; };
		7E9417E925B3CA90001BEA6A /* Poppins-SemiBold.ttf in Resources */ = {isa = PBXBuildFile; fileRef = 7E9417E525B3C8CB001BEA6A /* Poppins-SemiBold.ttf */; };
		7E9417EE25B3CD6F001BEA6A /* BeachesViewController.swift in Sources */ = {isa = PBXBuildFile; fileRef = 7E9417ED25B3CD6F001BEA6A /* BeachesViewController.swift */; };
		7EB082622660245700224DF8 /* GoogleService-Info.plist in Resources */ = {isa = PBXBuildFile; fileRef = 7EB082612660245700224DF8 /* GoogleService-Info.plist */; };
		7EB082CE26602A9600224DF8 /* AutoLayout.swift in Sources */ = {isa = PBXBuildFile; fileRef = 7EB082CD26602A9600224DF8 /* AutoLayout.swift */; };
		7EB082D626602B4000224DF8 /* Firebase.swift in Sources */ = {isa = PBXBuildFile; fileRef = 7EB082D526602B4000224DF8 /* Firebase.swift */; };
		7EB082DB2660693300224DF8 /* Colors.swift in Sources */ = {isa = PBXBuildFile; fileRef = 7EB082DA2660693300224DF8 /* Colors.swift */; };
		7ED4871125B4F86400B3B3EC /* Beach.swift in Sources */ = {isa = PBXBuildFile; fileRef = 7ED4871025B4F86400B3B3EC /* Beach.swift */; };
		7ED4872925B5078700B3B3EC /* BeachCell.swift in Sources */ = {isa = PBXBuildFile; fileRef = 7ED4872825B5078700B3B3EC /* BeachCell.swift */; };
		8F19C40E5968B9F867C37100 /* libPods-FindYourSurfTests.a in Frameworks */ = {isa = PBXBuildFile; fileRef = 3880CAD5D54CA4AF1F1C62AF /* libPods-FindYourSurfTests.a */; };
		EF9094B64F6E623E1A180A84 /* libPods-FindYourSurf-FindYourSurfUITests.a in Frameworks */ = {isa = PBXBuildFile; fileRef = 7B50A8289BE5FEDEB94E9265 /* libPods-FindYourSurf-FindYourSurfUITests.a */; };
/* End PBXBuildFile section */

/* Begin PBXContainerItemProxy section */
		7E298DB325B284C0005B4F57 /* PBXContainerItemProxy */ = {
			isa = PBXContainerItemProxy;
			containerPortal = 7E298D9425B284BE005B4F57 /* Project object */;
			proxyType = 1;
			remoteGlobalIDString = 7E298D9B25B284BE005B4F57;
			remoteInfo = FindYourSurf;
		};
		7E298DBE25B284C1005B4F57 /* PBXContainerItemProxy */ = {
			isa = PBXContainerItemProxy;
			containerPortal = 7E298D9425B284BE005B4F57 /* Project object */;
			proxyType = 1;
			remoteGlobalIDString = 7E298D9B25B284BE005B4F57;
			remoteInfo = FindYourSurf;
		};
/* End PBXContainerItemProxy section */

/* Begin PBXFileReference section */
		1B6BF803B275871AEB554DFE /* Pods-FindYourSurf.release.xcconfig */ = {isa = PBXFileReference; includeInIndex = 1; lastKnownFileType = text.xcconfig; name = "Pods-FindYourSurf.release.xcconfig"; path = "Target Support Files/Pods-FindYourSurf/Pods-FindYourSurf.release.xcconfig"; sourceTree = "<group>"; };
		3880CAD5D54CA4AF1F1C62AF /* libPods-FindYourSurfTests.a */ = {isa = PBXFileReference; explicitFileType = archive.ar; includeInIndex = 0; path = "libPods-FindYourSurfTests.a"; sourceTree = BUILT_PRODUCTS_DIR; };
		55F3DABADB59CE0847F8F8FB /* Pods-FindYourSurfTests.release.xcconfig */ = {isa = PBXFileReference; includeInIndex = 1; lastKnownFileType = text.xcconfig; name = "Pods-FindYourSurfTests.release.xcconfig"; path = "Target Support Files/Pods-FindYourSurfTests/Pods-FindYourSurfTests.release.xcconfig"; sourceTree = "<group>"; };
		7B50A8289BE5FEDEB94E9265 /* libPods-FindYourSurf-FindYourSurfUITests.a */ = {isa = PBXFileReference; explicitFileType = archive.ar; includeInIndex = 0; path = "libPods-FindYourSurf-FindYourSurfUITests.a"; sourceTree = BUILT_PRODUCTS_DIR; };
		7E298D9C25B284BE005B4F57 /* FindYourSurf.app */ = {isa = PBXFileReference; explicitFileType = wrapper.application; includeInIndex = 0; path = FindYourSurf.app; sourceTree = BUILT_PRODUCTS_DIR; };
		7E298D9F25B284BE005B4F57 /* AppDelegate.swift */ = {isa = PBXFileReference; lastKnownFileType = sourcecode.swift; path = AppDelegate.swift; sourceTree = "<group>"; };
		7E298DA125B284BE005B4F57 /* SceneDelegate.swift */ = {isa = PBXFileReference; lastKnownFileType = sourcecode.swift; path = SceneDelegate.swift; sourceTree = "<group>"; };
		7E298DA325B284BE005B4F57 /* WelcomeViewController.swift */ = {isa = PBXFileReference; lastKnownFileType = sourcecode.swift; path = WelcomeViewController.swift; sourceTree = "<group>"; };
		7E298DA825B284C0005B4F57 /* Assets.xcassets */ = {isa = PBXFileReference; lastKnownFileType = folder.assetcatalog; path = Assets.xcassets; sourceTree = "<group>"; };
		7E298DAB25B284C0005B4F57 /* Base */ = {isa = PBXFileReference; lastKnownFileType = file.storyboard; name = Base; path = Base.lproj/LaunchScreen.storyboard; sourceTree = "<group>"; };
		7E298DAD25B284C0005B4F57 /* Info.plist */ = {isa = PBXFileReference; lastKnownFileType = text.plist.xml; path = Info.plist; sourceTree = "<group>"; };
		7E298DB225B284C0005B4F57 /* FindYourSurfTests.xctest */ = {isa = PBXFileReference; explicitFileType = wrapper.cfbundle; includeInIndex = 0; path = FindYourSurfTests.xctest; sourceTree = BUILT_PRODUCTS_DIR; };
		7E298DB625B284C0005B4F57 /* FindYourSurfTests.swift */ = {isa = PBXFileReference; lastKnownFileType = sourcecode.swift; path = FindYourSurfTests.swift; sourceTree = "<group>"; };
		7E298DB825B284C0005B4F57 /* Info.plist */ = {isa = PBXFileReference; lastKnownFileType = text.plist.xml; path = Info.plist; sourceTree = "<group>"; };
		7E298DBD25B284C1005B4F57 /* FindYourSurfUITests.xctest */ = {isa = PBXFileReference; explicitFileType = wrapper.cfbundle; includeInIndex = 0; path = FindYourSurfUITests.xctest; sourceTree = BUILT_PRODUCTS_DIR; };
		7E298DC125B284C1005B4F57 /* FindYourSurfUITests.swift */ = {isa = PBXFileReference; lastKnownFileType = sourcecode.swift; path = FindYourSurfUITests.swift; sourceTree = "<group>"; };
		7E298DC325B284C1005B4F57 /* Info.plist */ = {isa = PBXFileReference; lastKnownFileType = text.plist.xml; path = Info.plist; sourceTree = "<group>"; };
		7E5604B525B29801006F919B /* Poppins-Black.ttf */ = {isa = PBXFileReference; lastKnownFileType = file; path = "Poppins-Black.ttf"; sourceTree = "<group>"; };
		7E5604B625B29801006F919B /* Poppins-Bold.ttf */ = {isa = PBXFileReference; lastKnownFileType = file; path = "Poppins-Bold.ttf"; sourceTree = "<group>"; };
		7E5604B725B29801006F919B /* Poppins-Regular.ttf */ = {isa = PBXFileReference; lastKnownFileType = file; path = "Poppins-Regular.ttf"; sourceTree = "<group>"; };
		7E79FFA025B6056200968208 /* SettingsViewController.swift */ = {isa = PBXFileReference; lastKnownFileType = sourcecode.swift; path = SettingsViewController.swift; sourceTree = "<group>"; };
		7E9417D225B37A03001BEA6A /* MeasureViewController.swift */ = {isa = PBXFileReference; lastKnownFileType = sourcecode.swift; path = MeasureViewController.swift; sourceTree = "<group>"; };
		7E9417D825B387AE001BEA6A /* BoardType.swift */ = {isa = PBXFileReference; lastKnownFileType = sourcecode.swift; path = BoardType.swift; sourceTree = "<group>"; };
		7E9417DD25B3887C001BEA6A /* Recommendation.swift */ = {isa = PBXFileReference; lastKnownFileType = sourcecode.swift; path = Recommendation.swift; sourceTree = "<group>"; };
		7E9417E525B3C8CB001BEA6A /* Poppins-SemiBold.ttf */ = {isa = PBXFileReference; lastKnownFileType = file; path = "Poppins-SemiBold.ttf"; sourceTree = "<group>"; };
		7E9417ED25B3CD6F001BEA6A /* BeachesViewController.swift */ = {isa = PBXFileReference; lastKnownFileType = sourcecode.swift; path = BeachesViewController.swift; sourceTree = "<group>"; };
		7EB082612660245700224DF8 /* GoogleService-Info.plist */ = {isa = PBXFileReference; fileEncoding = 4; lastKnownFileType = text.plist.xml; name = "GoogleService-Info.plist"; path = "../../../Downloads/GoogleService-Info.plist"; sourceTree = "<group>"; };
		7EB082CD26602A9600224DF8 /* AutoLayout.swift */ = {isa = PBXFileReference; lastKnownFileType = sourcecode.swift; path = AutoLayout.swift; sourceTree = "<group>"; };
		7EB082D526602B4000224DF8 /* Firebase.swift */ = {isa = PBXFileReference; lastKnownFileType = sourcecode.swift; path = Firebase.swift; sourceTree = "<group>"; };
		7EB082DA2660693300224DF8 /* Colors.swift */ = {isa = PBXFileReference; lastKnownFileType = sourcecode.swift; path = Colors.swift; sourceTree = "<group>"; };
		7ED4871025B4F86400B3B3EC /* Beach.swift */ = {isa = PBXFileReference; lastKnownFileType = sourcecode.swift; path = Beach.swift; sourceTree = "<group>"; };
		7ED4872825B5078700B3B3EC /* BeachCell.swift */ = {isa = PBXFileReference; lastKnownFileType = sourcecode.swift; path = BeachCell.swift; sourceTree = "<group>"; };
		8C5666354052C165D019E186 /* Pods-FindYourSurfTests.debug.xcconfig */ = {isa = PBXFileReference; includeInIndex = 1; lastKnownFileType = text.xcconfig; name = "Pods-FindYourSurfTests.debug.xcconfig"; path = "Target Support Files/Pods-FindYourSurfTests/Pods-FindYourSurfTests.debug.xcconfig"; sourceTree = "<group>"; };
		9613916086995DDE6D7B91BD /* Pods-FindYourSurf-FindYourSurfUITests.release.xcconfig */ = {isa = PBXFileReference; includeInIndex = 1; lastKnownFileType = text.xcconfig; name = "Pods-FindYourSurf-FindYourSurfUITests.release.xcconfig"; path = "Target Support Files/Pods-FindYourSurf-FindYourSurfUITests/Pods-FindYourSurf-FindYourSurfUITests.release.xcconfig"; sourceTree = "<group>"; };
		B49D73E6508E1BBEA44340C1 /* Pods-FindYourSurf.debug.xcconfig */ = {isa = PBXFileReference; includeInIndex = 1; lastKnownFileType = text.xcconfig; name = "Pods-FindYourSurf.debug.xcconfig"; path = "Target Support Files/Pods-FindYourSurf/Pods-FindYourSurf.debug.xcconfig"; sourceTree = "<group>"; };
		CC40ACD61BC40BF061DD6D68 /* libPods-FindYourSurf.a */ = {isa = PBXFileReference; explicitFileType = archive.ar; includeInIndex = 0; path = "libPods-FindYourSurf.a"; sourceTree = BUILT_PRODUCTS_DIR; };
		F1E5AF6D9629E72F52E8CACB /* Pods-FindYourSurf-FindYourSurfUITests.debug.xcconfig */ = {isa = PBXFileReference; includeInIndex = 1; lastKnownFileType = text.xcconfig; name = "Pods-FindYourSurf-FindYourSurfUITests.debug.xcconfig"; path = "Target Support Files/Pods-FindYourSurf-FindYourSurfUITests/Pods-FindYourSurf-FindYourSurfUITests.debug.xcconfig"; sourceTree = "<group>"; };
/* End PBXFileReference section */

/* Begin PBXFrameworksBuildPhase section */
		7E298D9925B284BE005B4F57 /* Frameworks */ = {
			isa = PBXFrameworksBuildPhase;
			buildActionMask = 2147483647;
			files = (
				64BC02F65A34DA8925B36C65 /* libPods-FindYourSurf.a in Frameworks */,
			);
			runOnlyForDeploymentPostprocessing = 0;
		};
		7E298DAF25B284C0005B4F57 /* Frameworks */ = {
			isa = PBXFrameworksBuildPhase;
			buildActionMask = 2147483647;
			files = (
				8F19C40E5968B9F867C37100 /* libPods-FindYourSurfTests.a in Frameworks */,
			);
			runOnlyForDeploymentPostprocessing = 0;
		};
		7E298DBA25B284C1005B4F57 /* Frameworks */ = {
			isa = PBXFrameworksBuildPhase;
			buildActionMask = 2147483647;
			files = (
				EF9094B64F6E623E1A180A84 /* libPods-FindYourSurf-FindYourSurfUITests.a in Frameworks */,
			);
			runOnlyForDeploymentPostprocessing = 0;
		};
/* End PBXFrameworksBuildPhase section */

/* Begin PBXGroup section */
		7E298D9325B284BE005B4F57 = {
			isa = PBXGroup;
			children = (
				7E298D9E25B284BE005B4F57 /* FindYourSurf */,
				7E298DB525B284C0005B4F57 /* FindYourSurfTests */,
				7E298DC025B284C1005B4F57 /* FindYourSurfUITests */,
				7E298D9D25B284BE005B4F57 /* Products */,
				C5B2B1A2E5E561BBD2F23FD1 /* Pods */,
				C7FC013EC3CF8624239F4C29 /* Frameworks */,
			);
			sourceTree = "<group>";
		};
		7E298D9D25B284BE005B4F57 /* Products */ = {
			isa = PBXGroup;
			children = (
				7E298D9C25B284BE005B4F57 /* FindYourSurf.app */,
				7E298DB225B284C0005B4F57 /* FindYourSurfTests.xctest */,
				7E298DBD25B284C1005B4F57 /* FindYourSurfUITests.xctest */,
			);
			name = Products;
			sourceTree = "<group>";
		};
		7E298D9E25B284BE005B4F57 /* FindYourSurf */ = {
			isa = PBXGroup;
			children = (
				7EB082CC26602A8600224DF8 /* Helpers */,
				7ED4870C25B4F49600B3B3EC /* Controllers */,
				7E9417D725B38775001BEA6A /* Models */,
				7E5604AC25B29265006F919B /* Fonts */,
				7E298D9F25B284BE005B4F57 /* AppDelegate.swift */,
				7ED4870225B4F46400B3B3EC /* Views */,
				7E298DA125B284BE005B4F57 /* SceneDelegate.swift */,
				7E298DA825B284C0005B4F57 /* Assets.xcassets */,
				7E298DAA25B284C0005B4F57 /* LaunchScreen.storyboard */,
				7EB082612660245700224DF8 /* GoogleService-Info.plist */,
				7E298DAD25B284C0005B4F57 /* Info.plist */,
			);
			path = FindYourSurf;
			sourceTree = "<group>";
		};
		7E298DB525B284C0005B4F57 /* FindYourSurfTests */ = {
			isa = PBXGroup;
			children = (
				7E298DB625B284C0005B4F57 /* FindYourSurfTests.swift */,
				7E298DB825B284C0005B4F57 /* Info.plist */,
			);
			path = FindYourSurfTests;
			sourceTree = "<group>";
		};
		7E298DC025B284C1005B4F57 /* FindYourSurfUITests */ = {
			isa = PBXGroup;
			children = (
				7E298DC125B284C1005B4F57 /* FindYourSurfUITests.swift */,
				7E298DC325B284C1005B4F57 /* Info.plist */,
			);
			path = FindYourSurfUITests;
			sourceTree = "<group>";
		};
		7E5604AC25B29265006F919B /* Fonts */ = {
			isa = PBXGroup;
			children = (
				7E5604B525B29801006F919B /* Poppins-Black.ttf */,
				7E5604B625B29801006F919B /* Poppins-Bold.ttf */,
				7E9417E525B3C8CB001BEA6A /* Poppins-SemiBold.ttf */,
				7E5604B725B29801006F919B /* Poppins-Regular.ttf */,
			);
			path = Fonts;
			sourceTree = "<group>";
		};
		7E9417D725B38775001BEA6A /* Models */ = {
			isa = PBXGroup;
			children = (
				7E9417D825B387AE001BEA6A /* BoardType.swift */,
				7E9417DD25B3887C001BEA6A /* Recommendation.swift */,
				7ED4871025B4F86400B3B3EC /* Beach.swift */,
			);
			path = Models;
			sourceTree = "<group>";
		};
		7EB082CC26602A8600224DF8 /* Helpers */ = {
			isa = PBXGroup;
			children = (
				7EB082CD26602A9600224DF8 /* AutoLayout.swift */,
				7EB082D526602B4000224DF8 /* Firebase.swift */,
				7EB082DA2660693300224DF8 /* Colors.swift */,
			);
			path = Helpers;
			sourceTree = "<group>";
		};
		7ED4870225B4F46400B3B3EC /* Views */ = {
			isa = PBXGroup;
			children = (
				7ED4872825B5078700B3B3EC /* BeachCell.swift */,
			);
			path = Views;
			sourceTree = "<group>";
		};
		7ED4870C25B4F49600B3B3EC /* Controllers */ = {
			isa = PBXGroup;
			children = (
				7E9417D225B37A03001BEA6A /* MeasureViewController.swift */,
				7E9417ED25B3CD6F001BEA6A /* BeachesViewController.swift */,
				7E298DA325B284BE005B4F57 /* WelcomeViewController.swift */,
				7E79FFA025B6056200968208 /* SettingsViewController.swift */,
			);
			path = Controllers;
			sourceTree = "<group>";
		};
		C5B2B1A2E5E561BBD2F23FD1 /* Pods */ = {
			isa = PBXGroup;
			children = (
				B49D73E6508E1BBEA44340C1 /* Pods-FindYourSurf.debug.xcconfig */,
				1B6BF803B275871AEB554DFE /* Pods-FindYourSurf.release.xcconfig */,
				F1E5AF6D9629E72F52E8CACB /* Pods-FindYourSurf-FindYourSurfUITests.debug.xcconfig */,
				9613916086995DDE6D7B91BD /* Pods-FindYourSurf-FindYourSurfUITests.release.xcconfig */,
				8C5666354052C165D019E186 /* Pods-FindYourSurfTests.debug.xcconfig */,
				55F3DABADB59CE0847F8F8FB /* Pods-FindYourSurfTests.release.xcconfig */,
			);
			path = Pods;
			sourceTree = "<group>";
		};
		C7FC013EC3CF8624239F4C29 /* Frameworks */ = {
			isa = PBXGroup;
			children = (
				CC40ACD61BC40BF061DD6D68 /* libPods-FindYourSurf.a */,
				7B50A8289BE5FEDEB94E9265 /* libPods-FindYourSurf-FindYourSurfUITests.a */,
				3880CAD5D54CA4AF1F1C62AF /* libPods-FindYourSurfTests.a */,
			);
			name = Frameworks;
			sourceTree = "<group>";
		};
/* End PBXGroup section */

/* Begin PBXNativeTarget section */
		7E298D9B25B284BE005B4F57 /* FindYourSurf */ = {
			isa = PBXNativeTarget;
			buildConfigurationList = 7E298DC625B284C1005B4F57 /* Build configuration list for PBXNativeTarget "FindYourSurf" */;
			buildPhases = (
				14B0DA43BC5E77F7A81C251F /* [CP] Check Pods Manifest.lock */,
				7E298D9825B284BE005B4F57 /* Sources */,
				7E298D9925B284BE005B4F57 /* Frameworks */,
				7E298D9A25B284BE005B4F57 /* Resources */,
				EE115326442D1A934F9F60F4 /* [CP] Copy Pods Resources */,
			);
			buildRules = (
			);
			dependencies = (
			);
			name = FindYourSurf;
			productName = FindYourSurf;
			productReference = 7E298D9C25B284BE005B4F57 /* FindYourSurf.app */;
			productType = "com.apple.product-type.application";
		};
		7E298DB125B284C0005B4F57 /* FindYourSurfTests */ = {
			isa = PBXNativeTarget;
			buildConfigurationList = 7E298DC925B284C1005B4F57 /* Build configuration list for PBXNativeTarget "FindYourSurfTests" */;
			buildPhases = (
				AECB374081E5D41E9C11B944 /* [CP] Check Pods Manifest.lock */,
				7E298DAE25B284C0005B4F57 /* Sources */,
				7E298DAF25B284C0005B4F57 /* Frameworks */,
				7E298DB025B284C0005B4F57 /* Resources */,
			);
			buildRules = (
			);
			dependencies = (
				7E298DB425B284C0005B4F57 /* PBXTargetDependency */,
			);
			name = FindYourSurfTests;
			productName = FindYourSurfTests;
			productReference = 7E298DB225B284C0005B4F57 /* FindYourSurfTests.xctest */;
			productType = "com.apple.product-type.bundle.unit-test";
		};
		7E298DBC25B284C1005B4F57 /* FindYourSurfUITests */ = {
			isa = PBXNativeTarget;
			buildConfigurationList = 7E298DCC25B284C1005B4F57 /* Build configuration list for PBXNativeTarget "FindYourSurfUITests" */;
			buildPhases = (
				1DFF42E5373EFABF3476C7D6 /* [CP] Check Pods Manifest.lock */,
				7E298DB925B284C1005B4F57 /* Sources */,
				7E298DBA25B284C1005B4F57 /* Frameworks */,
				7E298DBB25B284C1005B4F57 /* Resources */,
				A8BE72728C63359F489043E7 /* [CP] Copy Pods Resources */,
			);
			buildRules = (
			);
			dependencies = (
				7E298DBF25B284C1005B4F57 /* PBXTargetDependency */,
			);
			name = FindYourSurfUITests;
			productName = FindYourSurfUITests;
			productReference = 7E298DBD25B284C1005B4F57 /* FindYourSurfUITests.xctest */;
			productType = "com.apple.product-type.bundle.ui-testing";
		};
/* End PBXNativeTarget section */

/* Begin PBXProject section */
		7E298D9425B284BE005B4F57 /* Project object */ = {
			isa = PBXProject;
			attributes = {
				LastSwiftUpdateCheck = 1230;
				LastUpgradeCheck = 1230;
				TargetAttributes = {
					7E298D9B25B284BE005B4F57 = {
						CreatedOnToolsVersion = 12.3;
					};
					7E298DB125B284C0005B4F57 = {
						CreatedOnToolsVersion = 12.3;
						TestTargetID = 7E298D9B25B284BE005B4F57;
					};
					7E298DBC25B284C1005B4F57 = {
						CreatedOnToolsVersion = 12.3;
						TestTargetID = 7E298D9B25B284BE005B4F57;
					};
				};
			};
			buildConfigurationList = 7E298D9725B284BE005B4F57 /* Build configuration list for PBXProject "FindYourSurf" */;
			compatibilityVersion = "Xcode 9.3";
			developmentRegion = en;
			hasScannedForEncodings = 0;
			knownRegions = (
				en,
				Base,
			);
			mainGroup = 7E298D9325B284BE005B4F57;
			productRefGroup = 7E298D9D25B284BE005B4F57 /* Products */;
			projectDirPath = "";
			projectRoot = "";
			targets = (
				7E298D9B25B284BE005B4F57 /* FindYourSurf */,
				7E298DB125B284C0005B4F57 /* FindYourSurfTests */,
				7E298DBC25B284C1005B4F57 /* FindYourSurfUITests */,
			);
		};
/* End PBXProject section */

/* Begin PBXResourcesBuildPhase section */
		7E298D9A25B284BE005B4F57 /* Resources */ = {
			isa = PBXResourcesBuildPhase;
			buildActionMask = 2147483647;
			files = (
				7E9417E925B3CA90001BEA6A /* Poppins-SemiBold.ttf in Resources */,
				7EB082622660245700224DF8 /* GoogleService-Info.plist in Resources */,
				7E5604C325B29924006F919B /* Poppins-Black.ttf in Resources */,
				7E5604BF25B29922006F919B /* Poppins-Regular.ttf in Resources */,
				7E5604BB25B298E3006F919B /* Poppins-Bold.ttf in Resources */,
				7E298DAC25B284C0005B4F57 /* LaunchScreen.storyboard in Resources */,
				7E298DA925B284C0005B4F57 /* Assets.xcassets in Resources */,
			);
			runOnlyForDeploymentPostprocessing = 0;
		};
		7E298DB025B284C0005B4F57 /* Resources */ = {
			isa = PBXResourcesBuildPhase;
			buildActionMask = 2147483647;
			files = (
			);
			runOnlyForDeploymentPostprocessing = 0;
		};
		7E298DBB25B284C1005B4F57 /* Resources */ = {
			isa = PBXResourcesBuildPhase;
			buildActionMask = 2147483647;
			files = (
			);
			runOnlyForDeploymentPostprocessing = 0;
		};
/* End PBXResourcesBuildPhase section */

/* Begin PBXShellScriptBuildPhase section */
		14B0DA43BC5E77F7A81C251F /* [CP] Check Pods Manifest.lock */ = {
			isa = PBXShellScriptBuildPhase;
			buildActionMask = 2147483647;
			files = (
			);
			inputFileListPaths = (
			);
			inputPaths = (
				"${PODS_PODFILE_DIR_PATH}/Podfile.lock",
				"${PODS_ROOT}/Manifest.lock",
			);
			name = "[CP] Check Pods Manifest.lock";
			outputFileListPaths = (
			);
			outputPaths = (
				"$(DERIVED_FILE_DIR)/Pods-FindYourSurf-checkManifestLockResult.txt",
			);
			runOnlyForDeploymentPostprocessing = 0;
			shellPath = /bin/sh;
			shellScript = "diff \"${PODS_PODFILE_DIR_PATH}/Podfile.lock\" \"${PODS_ROOT}/Manifest.lock\" > /dev/null\nif [ $? != 0 ] ; then\n    # print error to STDERR\n    echo \"error: The sandbox is not in sync with the Podfile.lock. Run 'pod install' or update your CocoaPods installation.\" >&2\n    exit 1\nfi\n# This output is used by Xcode 'outputs' to avoid re-running this script phase.\necho \"SUCCESS\" > \"${SCRIPT_OUTPUT_FILE_0}\"\n";
			showEnvVarsInLog = 0;
		};
		1DFF42E5373EFABF3476C7D6 /* [CP] Check Pods Manifest.lock */ = {
			isa = PBXShellScriptBuildPhase;
			buildActionMask = 2147483647;
			files = (
			);
			inputFileListPaths = (
			);
			inputPaths = (
				"${PODS_PODFILE_DIR_PATH}/Podfile.lock",
				"${PODS_ROOT}/Manifest.lock",
			);
			name = "[CP] Check Pods Manifest.lock";
			outputFileListPaths = (
			);
			outputPaths = (
				"$(DERIVED_FILE_DIR)/Pods-FindYourSurf-FindYourSurfUITests-checkManifestLockResult.txt",
			);
			runOnlyForDeploymentPostprocessing = 0;
			shellPath = /bin/sh;
			shellScript = "diff \"${PODS_PODFILE_DIR_PATH}/Podfile.lock\" \"${PODS_ROOT}/Manifest.lock\" > /dev/null\nif [ $? != 0 ] ; then\n    # print error to STDERR\n    echo \"error: The sandbox is not in sync with the Podfile.lock. Run 'pod install' or update your CocoaPods installation.\" >&2\n    exit 1\nfi\n# This output is used by Xcode 'outputs' to avoid re-running this script phase.\necho \"SUCCESS\" > \"${SCRIPT_OUTPUT_FILE_0}\"\n";
			showEnvVarsInLog = 0;
		};
		A8BE72728C63359F489043E7 /* [CP] Copy Pods Resources */ = {
			isa = PBXShellScriptBuildPhase;
			buildActionMask = 2147483647;
			files = (
			);
			inputFileListPaths = (
				"${PODS_ROOT}/Target Support Files/Pods-FindYourSurf-FindYourSurfUITests/Pods-FindYourSurf-FindYourSurfUITests-resources-${CONFIGURATION}-input-files.xcfilelist",
			);
			name = "[CP] Copy Pods Resources";
			outputFileListPaths = (
				"${PODS_ROOT}/Target Support Files/Pods-FindYourSurf-FindYourSurfUITests/Pods-FindYourSurf-FindYourSurfUITests-resources-${CONFIGURATION}-output-files.xcfilelist",
			);
			runOnlyForDeploymentPostprocessing = 0;
			shellPath = /bin/sh;
			shellScript = "\"${PODS_ROOT}/Target Support Files/Pods-FindYourSurf-FindYourSurfUITests/Pods-FindYourSurf-FindYourSurfUITests-resources.sh\"\n";
			showEnvVarsInLog = 0;
		};
		AECB374081E5D41E9C11B944 /* [CP] Check Pods Manifest.lock */ = {
			isa = PBXShellScriptBuildPhase;
			buildActionMask = 2147483647;
			files = (
			);
			inputFileListPaths = (
			);
			inputPaths = (
				"${PODS_PODFILE_DIR_PATH}/Podfile.lock",
				"${PODS_ROOT}/Manifest.lock",
			);
			name = "[CP] Check Pods Manifest.lock";
			outputFileListPaths = (
			);
			outputPaths = (
				"$(DERIVED_FILE_DIR)/Pods-FindYourSurfTests-checkManifestLockResult.txt",
			);
			runOnlyForDeploymentPostprocessing = 0;
			shellPath = /bin/sh;
			shellScript = "diff \"${PODS_PODFILE_DIR_PATH}/Podfile.lock\" \"${PODS_ROOT}/Manifest.lock\" > /dev/null\nif [ $? != 0 ] ; then\n    # print error to STDERR\n    echo \"error: The sandbox is not in sync with the Podfile.lock. Run 'pod install' or update your CocoaPods installation.\" >&2\n    exit 1\nfi\n# This output is used by Xcode 'outputs' to avoid re-running this script phase.\necho \"SUCCESS\" > \"${SCRIPT_OUTPUT_FILE_0}\"\n";
			showEnvVarsInLog = 0;
		};
		EE115326442D1A934F9F60F4 /* [CP] Copy Pods Resources */ = {
			isa = PBXShellScriptBuildPhase;
			buildActionMask = 2147483647;
			files = (
			);
			inputFileListPaths = (
				"${PODS_ROOT}/Target Support Files/Pods-FindYourSurf/Pods-FindYourSurf-resources-${CONFIGURATION}-input-files.xcfilelist",
			);
			name = "[CP] Copy Pods Resources";
			outputFileListPaths = (
				"${PODS_ROOT}/Target Support Files/Pods-FindYourSurf/Pods-FindYourSurf-resources-${CONFIGURATION}-output-files.xcfilelist",
			);
			runOnlyForDeploymentPostprocessing = 0;
			shellPath = /bin/sh;
			shellScript = "\"${PODS_ROOT}/Target Support Files/Pods-FindYourSurf/Pods-FindYourSurf-resources.sh\"\n";
			showEnvVarsInLog = 0;
		};
/* End PBXShellScriptBuildPhase section */

/* Begin PBXSourcesBuildPhase section */
		7E298D9825B284BE005B4F57 /* Sources */ = {
			isa = PBXSourcesBuildPhase;
			buildActionMask = 2147483647;
			files = (
				7E298DA425B284BE005B4F57 /* WelcomeViewController.swift in Sources */,
				7E298DA025B284BE005B4F57 /* AppDelegate.swift in Sources */,
				7ED4872925B5078700B3B3EC /* BeachCell.swift in Sources */,
				7E79FFA125B6056200968208 /* SettingsViewController.swift in Sources */,
				7ED4871125B4F86400B3B3EC /* Beach.swift in Sources */,
				7E298DA225B284BE005B4F57 /* SceneDelegate.swift in Sources */,
				7EB082D626602B4000224DF8 /* Firebase.swift in Sources */,
				7E9417D325B37A03001BEA6A /* MeasureViewController.swift in Sources */,
				7EB082DB2660693300224DF8 /* Colors.swift in Sources */,
				7EB082CE26602A9600224DF8 /* AutoLayout.swift in Sources */,
				7E9417DE25B3887C001BEA6A /* Recommendation.swift in Sources */,
				7E9417D925B387AE001BEA6A /* BoardType.swift in Sources */,
				7E9417EE25B3CD6F001BEA6A /* BeachesViewController.swift in Sources */,
			);
			runOnlyForDeploymentPostprocessing = 0;
		};
		7E298DAE25B284C0005B4F57 /* Sources */ = {
			isa = PBXSourcesBuildPhase;
			buildActionMask = 2147483647;
			files = (
				7E298DB725B284C0005B4F57 /* FindYourSurfTests.swift in Sources */,
			);
			runOnlyForDeploymentPostprocessing = 0;
		};
		7E298DB925B284C1005B4F57 /* Sources */ = {
			isa = PBXSourcesBuildPhase;
			buildActionMask = 2147483647;
			files = (
				7E298DC225B284C1005B4F57 /* FindYourSurfUITests.swift in Sources */,
			);
			runOnlyForDeploymentPostprocessing = 0;
		};
/* End PBXSourcesBuildPhase section */

/* Begin PBXTargetDependency section */
		7E298DB425B284C0005B4F57 /* PBXTargetDependency */ = {
			isa = PBXTargetDependency;
			target = 7E298D9B25B284BE005B4F57 /* FindYourSurf */;
			targetProxy = 7E298DB325B284C0005B4F57 /* PBXContainerItemProxy */;
		};
		7E298DBF25B284C1005B4F57 /* PBXTargetDependency */ = {
			isa = PBXTargetDependency;
			target = 7E298D9B25B284BE005B4F57 /* FindYourSurf */;
			targetProxy = 7E298DBE25B284C1005B4F57 /* PBXContainerItemProxy */;
		};
/* End PBXTargetDependency section */

/* Begin PBXVariantGroup section */
		7E298DAA25B284C0005B4F57 /* LaunchScreen.storyboard */ = {
			isa = PBXVariantGroup;
			children = (
				7E298DAB25B284C0005B4F57 /* Base */,
			);
			name = LaunchScreen.storyboard;
			sourceTree = "<group>";
		};
/* End PBXVariantGroup section */

/* Begin XCBuildConfiguration section */
		7E298DC425B284C1005B4F57 /* Debug */ = {
			isa = XCBuildConfiguration;
			buildSettings = {
				ALWAYS_SEARCH_USER_PATHS = NO;
				CLANG_ANALYZER_NONNULL = YES;
				CLANG_ANALYZER_NUMBER_OBJECT_CONVERSION = YES_AGGRESSIVE;
				CLANG_CXX_LANGUAGE_STANDARD = "gnu++14";
				CLANG_CXX_LIBRARY = "libc++";
				CLANG_ENABLE_MODULES = YES;
				CLANG_ENABLE_OBJC_ARC = YES;
				CLANG_ENABLE_OBJC_WEAK = YES;
				CLANG_WARN_BLOCK_CAPTURE_AUTORELEASING = YES;
				CLANG_WARN_BOOL_CONVERSION = YES;
				CLANG_WARN_COMMA = YES;
				CLANG_WARN_CONSTANT_CONVERSION = YES;
				CLANG_WARN_DEPRECATED_OBJC_IMPLEMENTATIONS = YES;
				CLANG_WARN_DIRECT_OBJC_ISA_USAGE = YES_ERROR;
				CLANG_WARN_DOCUMENTATION_COMMENTS = YES;
				CLANG_WARN_EMPTY_BODY = YES;
				CLANG_WARN_ENUM_CONVERSION = YES;
				CLANG_WARN_INFINITE_RECURSION = YES;
				CLANG_WARN_INT_CONVERSION = YES;
				CLANG_WARN_NON_LITERAL_NULL_CONVERSION = YES;
				CLANG_WARN_OBJC_IMPLICIT_RETAIN_SELF = YES;
				CLANG_WARN_OBJC_LITERAL_CONVERSION = YES;
				CLANG_WARN_OBJC_ROOT_CLASS = YES_ERROR;
				CLANG_WARN_QUOTED_INCLUDE_IN_FRAMEWORK_HEADER = YES;
				CLANG_WARN_RANGE_LOOP_ANALYSIS = YES;
				CLANG_WARN_STRICT_PROTOTYPES = YES;
				CLANG_WARN_SUSPICIOUS_MOVE = YES;
				CLANG_WARN_UNGUARDED_AVAILABILITY = YES_AGGRESSIVE;
				CLANG_WARN_UNREACHABLE_CODE = YES;
				CLANG_WARN__DUPLICATE_METHOD_MATCH = YES;
				COPY_PHASE_STRIP = NO;
				DEBUG_INFORMATION_FORMAT = dwarf;
				ENABLE_STRICT_OBJC_MSGSEND = YES;
				ENABLE_TESTABILITY = YES;
				GCC_C_LANGUAGE_STANDARD = gnu11;
				GCC_DYNAMIC_NO_PIC = NO;
				GCC_NO_COMMON_BLOCKS = YES;
				GCC_OPTIMIZATION_LEVEL = 0;
				GCC_PREPROCESSOR_DEFINITIONS = (
					"DEBUG=1",
					"$(inherited)",
				);
				GCC_WARN_64_TO_32_BIT_CONVERSION = YES;
				GCC_WARN_ABOUT_RETURN_TYPE = YES_ERROR;
				GCC_WARN_UNDECLARED_SELECTOR = YES;
				GCC_WARN_UNINITIALIZED_AUTOS = YES_AGGRESSIVE;
				GCC_WARN_UNUSED_FUNCTION = YES;
				GCC_WARN_UNUSED_VARIABLE = YES;
				IPHONEOS_DEPLOYMENT_TARGET = 14.3;
				MTL_ENABLE_DEBUG_INFO = INCLUDE_SOURCE;
				MTL_FAST_MATH = YES;
				ONLY_ACTIVE_ARCH = YES;
				SDKROOT = iphoneos;
				SWIFT_ACTIVE_COMPILATION_CONDITIONS = DEBUG;
				SWIFT_OPTIMIZATION_LEVEL = "-Onone";
			};
			name = Debug;
		};
		7E298DC525B284C1005B4F57 /* Release */ = {
			isa = XCBuildConfiguration;
			buildSettings = {
				ALWAYS_SEARCH_USER_PATHS = NO;
				CLANG_ANALYZER_NONNULL = YES;
				CLANG_ANALYZER_NUMBER_OBJECT_CONVERSION = YES_AGGRESSIVE;
				CLANG_CXX_LANGUAGE_STANDARD = "gnu++14";
				CLANG_CXX_LIBRARY = "libc++";
				CLANG_ENABLE_MODULES = YES;
				CLANG_ENABLE_OBJC_ARC = YES;
				CLANG_ENABLE_OBJC_WEAK = YES;
				CLANG_WARN_BLOCK_CAPTURE_AUTORELEASING = YES;
				CLANG_WARN_BOOL_CONVERSION = YES;
				CLANG_WARN_COMMA = YES;
				CLANG_WARN_CONSTANT_CONVERSION = YES;
				CLANG_WARN_DEPRECATED_OBJC_IMPLEMENTATIONS = YES;
				CLANG_WARN_DIRECT_OBJC_ISA_USAGE = YES_ERROR;
				CLANG_WARN_DOCUMENTATION_COMMENTS = YES;
				CLANG_WARN_EMPTY_BODY = YES;
				CLANG_WARN_ENUM_CONVERSION = YES;
				CLANG_WARN_INFINITE_RECURSION = YES;
				CLANG_WARN_INT_CONVERSION = YES;
				CLANG_WARN_NON_LITERAL_NULL_CONVERSION = YES;
				CLANG_WARN_OBJC_IMPLICIT_RETAIN_SELF = YES;
				CLANG_WARN_OBJC_LITERAL_CONVERSION = YES;
				CLANG_WARN_OBJC_ROOT_CLASS = YES_ERROR;
				CLANG_WARN_QUOTED_INCLUDE_IN_FRAMEWORK_HEADER = YES;
				CLANG_WARN_RANGE_LOOP_ANALYSIS = YES;
				CLANG_WARN_STRICT_PROTOTYPES = YES;
				CLANG_WARN_SUSPICIOUS_MOVE = YES;
				CLANG_WARN_UNGUARDED_AVAILABILITY = YES_AGGRESSIVE;
				CLANG_WARN_UNREACHABLE_CODE = YES;
				CLANG_WARN__DUPLICATE_METHOD_MATCH = YES;
				COPY_PHASE_STRIP = NO;
				DEBUG_INFORMATION_FORMAT = "dwarf-with-dsym";
				ENABLE_NS_ASSERTIONS = NO;
				ENABLE_STRICT_OBJC_MSGSEND = YES;
				GCC_C_LANGUAGE_STANDARD = gnu11;
				GCC_NO_COMMON_BLOCKS = YES;
				GCC_WARN_64_TO_32_BIT_CONVERSION = YES;
				GCC_WARN_ABOUT_RETURN_TYPE = YES_ERROR;
				GCC_WARN_UNDECLARED_SELECTOR = YES;
				GCC_WARN_UNINITIALIZED_AUTOS = YES_AGGRESSIVE;
				GCC_WARN_UNUSED_FUNCTION = YES;
				GCC_WARN_UNUSED_VARIABLE = YES;
				IPHONEOS_DEPLOYMENT_TARGET = 14.3;
				MTL_ENABLE_DEBUG_INFO = NO;
				MTL_FAST_MATH = YES;
				SDKROOT = iphoneos;
				SWIFT_COMPILATION_MODE = wholemodule;
				SWIFT_OPTIMIZATION_LEVEL = "-O";
				VALIDATE_PRODUCT = YES;
			};
			name = Release;
		};
		7E298DC725B284C1005B4F57 /* Debug */ = {
			isa = XCBuildConfiguration;
			baseConfigurationReference = B49D73E6508E1BBEA44340C1 /* Pods-FindYourSurf.debug.xcconfig */;
			buildSettings = {
				ASSETCATALOG_COMPILER_APPICON_NAME = AppIcon;
				ASSETCATALOG_COMPILER_GLOBAL_ACCENT_COLOR_NAME = AccentColor;
				CODE_SIGN_STYLE = Automatic;
				DEVELOPMENT_TEAM = 2RH6TJL6N8;
				INFOPLIST_FILE = FindYourSurf/Info.plist;
				LD_RUNPATH_SEARCH_PATHS = (
					"$(inherited)",
					"@executable_path/Frameworks",
				);
				PRODUCT_BUNDLE_IDENTIFIER = com.michaeldblank.FindYourSurf;
				PRODUCT_NAME = "$(TARGET_NAME)";
				SWIFT_VERSION = 5.0;
				TARGETED_DEVICE_FAMILY = "1,2";
			};
			name = Debug;
		};
		7E298DC825B284C1005B4F57 /* Release */ = {
			isa = XCBuildConfiguration;
			baseConfigurationReference = 1B6BF803B275871AEB554DFE /* Pods-FindYourSurf.release.xcconfig */;
			buildSettings = {
				ASSETCATALOG_COMPILER_APPICON_NAME = AppIcon;
				ASSETCATALOG_COMPILER_GLOBAL_ACCENT_COLOR_NAME = AccentColor;
				CODE_SIGN_STYLE = Automatic;
				DEVELOPMENT_TEAM = 2RH6TJL6N8;
				INFOPLIST_FILE = FindYourSurf/Info.plist;
				LD_RUNPATH_SEARCH_PATHS = (
					"$(inherited)",
					"@executable_path/Frameworks",
				);
				PRODUCT_BUNDLE_IDENTIFIER = com.michaeldblank.FindYourSurf;
				PRODUCT_NAME = "$(TARGET_NAME)";
				SWIFT_VERSION = 5.0;
				TARGETED_DEVICE_FAMILY = "1,2";
			};
			name = Release;
		};
		7E298DCA25B284C1005B4F57 /* Debug */ = {
			isa = XCBuildConfiguration;
			baseConfigurationReference = 8C5666354052C165D019E186 /* Pods-FindYourSurfTests.debug.xcconfig */;
			buildSettings = {
				ALWAYS_EMBED_SWIFT_STANDARD_LIBRARIES = YES;
				BUNDLE_LOADER = "$(TEST_HOST)";
				CODE_SIGN_STYLE = Automatic;
				DEVELOPMENT_TEAM = 2RH6TJL6N8;
				INFOPLIST_FILE = FindYourSurfTests/Info.plist;
				IPHONEOS_DEPLOYMENT_TARGET = 14.3;
				LD_RUNPATH_SEARCH_PATHS = (
					"$(inherited)",
					"@executable_path/Frameworks",
					"@loader_path/Frameworks",
				);
				PRODUCT_BUNDLE_IDENTIFIER = com.michaeldblank.FindYourSurfTests;
				PRODUCT_NAME = "$(TARGET_NAME)";
				SWIFT_VERSION = 5.0;
				TARGETED_DEVICE_FAMILY = "1,2";
				TEST_HOST = "$(BUILT_PRODUCTS_DIR)/FindYourSurf.app/FindYourSurf";
			};
			name = Debug;
		};
		7E298DCB25B284C1005B4F57 /* Release */ = {
			isa = XCBuildConfiguration;
			baseConfigurationReference = 55F3DABADB59CE0847F8F8FB /* Pods-FindYourSurfTests.release.xcconfig */;
			buildSettings = {
				ALWAYS_EMBED_SWIFT_STANDARD_LIBRARIES = YES;
				BUNDLE_LOADER = "$(TEST_HOST)";
				CODE_SIGN_STYLE = Automatic;
				DEVELOPMENT_TEAM = 2RH6TJL6N8;
				INFOPLIST_FILE = FindYourSurfTests/Info.plist;
				IPHONEOS_DEPLOYMENT_TARGET = 14.3;
				LD_RUNPATH_SEARCH_PATHS = (
					"$(inherited)",
					"@executable_path/Frameworks",
					"@loader_path/Frameworks",
				);
				PRODUCT_BUNDLE_IDENTIFIER = com.michaeldblank.FindYourSurfTests;
				PRODUCT_NAME = "$(TARGET_NAME)";
				SWIFT_VERSION = 5.0;
				TARGETED_DEVICE_FAMILY = "1,2";
				TEST_HOST = "$(BUILT_PRODUCTS_DIR)/FindYourSurf.app/FindYourSurf";
			};
			name = Release;
		};
		7E298DCD25B284C1005B4F57 /* Debug */ = {
			isa = XCBuildConfiguration;
			baseConfigurationReference = F1E5AF6D9629E72F52E8CACB /* Pods-FindYourSurf-FindYourSurfUITests.debug.xcconfig */;
			buildSettings = {
				ALWAYS_EMBED_SWIFT_STANDARD_LIBRARIES = YES;
				CODE_SIGN_STYLE = Automatic;
				DEVELOPMENT_TEAM = 2RH6TJL6N8;
				INFOPLIST_FILE = FindYourSurfUITests/Info.plist;
				LD_RUNPATH_SEARCH_PATHS = (
					"$(inherited)",
					"@executable_path/Frameworks",
					"@loader_path/Frameworks",
				);
				PRODUCT_BUNDLE_IDENTIFIER = com.michaeldblank.FindYourSurfUITests;
				PRODUCT_NAME = "$(TARGET_NAME)";
				SWIFT_VERSION = 5.0;
				TARGETED_DEVICE_FAMILY = "1,2";
				TEST_TARGET_NAME = FindYourSurf;
			};
			name = Debug;
		};
		7E298DCE25B284C1005B4F57 /* Release */ = {
			isa = XCBuildConfiguration;
			baseConfigurationReference = 9613916086995DDE6D7B91BD /* Pods-FindYourSurf-FindYourSurfUITests.release.xcconfig */;
			buildSettings = {
				ALWAYS_EMBED_SWIFT_STANDARD_LIBRARIES = YES;
				CODE_SIGN_STYLE = Automatic;
				DEVELOPMENT_TEAM = 2RH6TJL6N8;
				INFOPLIST_FILE = FindYourSurfUITests/Info.plist;
				LD_RUNPATH_SEARCH_PATHS = (
					"$(inherited)",
					"@executable_path/Frameworks",
					"@loader_path/Frameworks",
				);
				PRODUCT_BUNDLE_IDENTIFIER = com.michaeldblank.FindYourSurfUITests;
				PRODUCT_NAME = "$(TARGET_NAME)";
				SWIFT_VERSION = 5.0;
				TARGETED_DEVICE_FAMILY = "1,2";
				TEST_TARGET_NAME = FindYourSurf;
			};
			name = Release;
		};
/* End XCBuildConfiguration section */

/* Begin XCConfigurationList section */
		7E298D9725B284BE005B4F57 /* Build configuration list for PBXProject "FindYourSurf" */ = {
			isa = XCConfigurationList;
			buildConfigurations = (
				7E298DC425B284C1005B4F57 /* Debug */,
				7E298DC525B284C1005B4F57 /* Release */,
			);
			defaultConfigurationIsVisible = 0;
			defaultConfigurationName = Release;
		};
		7E298DC625B284C1005B4F57 /* Build configuration list for PBXNativeTarget "FindYourSurf" */ = {
			isa = XCConfigurationList;
			buildConfigurations = (
				7E298DC725B284C1005B4F57 /* Debug */,
				7E298DC825B284C1005B4F57 /* Release */,
			);
			defaultConfigurationIsVisible = 0;
			defaultConfigurationName = Release;
		};
		7E298DC925B284C1005B4F57 /* Build configuration list for PBXNativeTarget "FindYourSurfTests" */ = {
			isa = XCConfigurationList;
			buildConfigurations = (
				7E298DCA25B284C1005B4F57 /* Debug */,
				7E298DCB25B284C1005B4F57 /* Release */,
			);
			defaultConfigurationIsVisible = 0;
			defaultConfigurationName = Release;
		};
		7E298DCC25B284C1005B4F57 /* Build configuration list for PBXNativeTarget "FindYourSurfUITests" */ = {
			isa = XCConfigurationList;
			buildConfigurations = (
				7E298DCD25B284C1005B4F57 /* Debug */,
				7E298DCE25B284C1005B4F57 /* Release */,
			);
			defaultConfigurationIsVisible = 0;
			defaultConfigurationName = Release;
		};
/* End XCConfigurationList section */
	};
	rootObject = 7E298D9425B284BE005B4F57 /* Project object */;
}
